
Microsoft Visual Studio Solution File, Format Version 12.00
# Visual Studio Version 16
VisualStudioVersion = 16.0.30503.244
MinimumVisualStudioVersion = 10.0.40219.1
Project("{FAE04EC0-301F-11D3-BF4B-00C04F79EFBC}") = "BudgetTracker", "BudgetTracker.csproj", "{CE59B793-3DD8-4D9D-A725-E51C343F870E}"
EndProject
Global
	GlobalSection(SolutionConfigurationPlatforms) = preSolution
		Debug|Any CPU = Debug|Any CPU
		Release|Any CPU = Release|Any CPU
	EndGlobalSection
	GlobalSection(ProjectConfigurationPlatforms) = postSolution
		{CE59B793-3DD8-4D9D-A725-E51C343F870E}.Debug|Any CPU.ActiveCfg = Debug|Any CPU
		{CE59B793-3DD8-4D9D-A725-E51C343F870E}.Debug|Any CPU.Build.0 = Debug|Any CPU
		{CE59B793-3DD8-4D9D-A725-E51C343F870E}.Release|Any CPU.ActiveCfg = Release|Any CPU
		{CE59B793-3DD8-4D9D-A725-E51C343F870E}.Release|Any CPU.Build.0 = Release|Any CPU
	EndGlobalSection
	GlobalSection(SolutionProperties) = preSolution
		HideSolutionNode = FALSE
	EndGlobalSection
	GlobalSection(ExtensibilityGlobals) = postSolution
		SolutionGuid = {033B84E3-A731-4875-A241-A66BB0D8EB7A}
	EndGlobalSection
EndGlobal
